
Microsoft Visual Studio Solution File, Format Version 12.00
# Visual Studio Version 16
VisualStudioVersion = 16.0.28917.181
MinimumVisualStudioVersion = 10.0.40219.1
Project("{FAE04EC0-301F-11D3-BF4B-00C04F79EFBC}") = "eFastFood_API", "eFastFood_API\eFastFood_API.csproj", "{DBBDD860-8B1F-4FC1-8815-A98219A4D6D7}"
EndProject
Project("{FAE04EC0-301F-11D3-BF4B-00C04F79EFBC}") = "eFastFood_UI", "eFastFood_UI\eFastFood_UI.csproj", "{349E4177-CCC5-45E4-98FE-AD8B7C450B50}"
EndProject
Project("{FAE04EC0-301F-11D3-BF4B-00C04F79EFBC}") = "eFastFood.UWP", "eFastFood\eFastFood.UWP\eFastFood.UWP.csproj", "{9262F7D9-17DE-41E7-BA73-8CE2F747CBAC}"
EndProject
Project("{FAE04EC0-301F-11D3-BF4B-00C04F79EFBC}") = "eFastFood.Android", "eFastFood\eFastFood.Android\eFastFood.Android.csproj", "{E847517A-7834-4F7D-A4AA-325A86E7D30B}"
EndProject
Project("{FAE04EC0-301F-11D3-BF4B-00C04F79EFBC}") = "eFastFood.iOS", "eFastFood\eFastFood.iOS\eFastFood.iOS.csproj", "{9458B0EB-24ED-4B39-B145-CD1CA2FDD0DA}"
EndProject
Project("{9A19103F-16F7-4668-BE54-9A1E7A4F7556}") = "eFastFood", "eFastFood\eFastFood\eFastFood.csproj", "{0601726F-23B9-4491-8B8D-0ACA9A7FF030}"
EndProject
Project("{FAE04EC0-301F-11D3-BF4B-00C04F79EFBC}") = "eFastFood_PCL", "eFastFood_PCL\eFastFood_PCL.csproj", "{27A88194-F622-43E0-BA2F-B637A37070E2}"
EndProject
Global
	GlobalSection(SolutionConfigurationPlatforms) = preSolution
		Ad-Hoc|Any CPU = Ad-Hoc|Any CPU
		Ad-Hoc|ARM = Ad-Hoc|ARM
		Ad-Hoc|ARM64 = Ad-Hoc|ARM64
		Ad-Hoc|iPhone = Ad-Hoc|iPhone
		Ad-Hoc|iPhoneSimulator = Ad-Hoc|iPhoneSimulator
		Ad-Hoc|x64 = Ad-Hoc|x64
		Ad-Hoc|x86 = Ad-Hoc|x86
		AppStore|Any CPU = AppStore|Any CPU
		AppStore|ARM = AppStore|ARM
		AppStore|ARM64 = AppStore|ARM64
		AppStore|iPhone = AppStore|iPhone
		AppStore|iPhoneSimulator = AppStore|iPhoneSimulator
		AppStore|x64 = AppStore|x64
		AppStore|x86 = AppStore|x86
		Debug|Any CPU = Debug|Any CPU
		Debug|ARM = Debug|ARM
		Debug|ARM64 = Debug|ARM64
		Debug|iPhone = Debug|iPhone
		Debug|iPhoneSimulator = Debug|iPhoneSimulator
		Debug|x64 = Debug|x64
		Debug|x86 = Debug|x86
		Release|Any CPU = Release|Any CPU
		Release|ARM = Release|ARM
		Release|ARM64 = Release|ARM64
		Release|iPhone = Release|iPhone
		Release|iPhoneSimulator = Release|iPhoneSimulator
		Release|x64 = Release|x64
		Release|x86 = Release|x86
	EndGlobalSection
	GlobalSection(ProjectConfigurationPlatforms) = postSolution
		{DBBDD860-8B1F-4FC1-8815-A98219A4D6D7}.Ad-Hoc|Any CPU.ActiveCfg = Release|Any CPU
		{DBBDD860-8B1F-4FC1-8815-A98219A4D6D7}.Ad-Hoc|Any CPU.Build.0 = Release|Any CPU
		{DBBDD860-8B1F-4FC1-8815-A98219A4D6D7}.Ad-Hoc|ARM.ActiveCfg = Release|Any CPU
		{DBBDD860-8B1F-4FC1-8815-A98219A4D6D7}.Ad-Hoc|ARM.Build.0 = Release|Any CPU
		{DBBDD860-8B1F-4FC1-8815-A98219A4D6D7}.Ad-Hoc|ARM64.ActiveCfg = Release|Any CPU
		{DBBDD860-8B1F-4FC1-8815-A98219A4D6D7}.Ad-Hoc|ARM64.Build.0 = Release|Any CPU
		{DBBDD860-8B1F-4FC1-8815-A98219A4D6D7}.Ad-Hoc|iPhone.ActiveCfg = Release|Any CPU
		{DBBDD860-8B1F-4FC1-8815-A98219A4D6D7}.Ad-Hoc|iPhone.Build.0 = Release|Any CPU
		{DBBDD860-8B1F-4FC1-8815-A98219A4D6D7}.Ad-Hoc|iPhoneSimulator.ActiveCfg = Release|Any CPU
		{DBBDD860-8B1F-4FC1-8815-A98219A4D6D7}.Ad-Hoc|iPhoneSimulator.Build.0 = Release|Any CPU
		{DBBDD860-8B1F-4FC1-8815-A98219A4D6D7}.Ad-Hoc|x64.ActiveCfg = Release|Any CPU
		{DBBDD860-8B1F-4FC1-8815-A98219A4D6D7}.Ad-Hoc|x64.Build.0 = Release|Any CPU
		{DBBDD860-8B1F-4FC1-8815-A98219A4D6D7}.Ad-Hoc|x86.ActiveCfg = Release|Any CPU
		{DBBDD860-8B1F-4FC1-8815-A98219A4D6D7}.Ad-Hoc|x86.Build.0 = Release|Any CPU
		{DBBDD860-8B1F-4FC1-8815-A98219A4D6D7}.AppStore|Any CPU.ActiveCfg = Release|Any CPU
		{DBBDD860-8B1F-4FC1-8815-A98219A4D6D7}.AppStore|Any CPU.Build.0 = Release|Any CPU
		{DBBDD860-8B1F-4FC1-8815-A98219A4D6D7}.AppStore|ARM.ActiveCfg = Release|Any CPU
		{DBBDD860-8B1F-4FC1-8815-A98219A4D6D7}.AppStore|ARM.Build.0 = Release|Any CPU
		{DBBDD860-8B1F-4FC1-8815-A98219A4D6D7}.AppStore|ARM64.ActiveCfg = Release|Any CPU
		{DBBDD860-8B1F-4FC1-8815-A98219A4D6D7}.AppStore|ARM64.Build.0 = Release|Any CPU
		{DBBDD860-8B1F-4FC1-8815-A98219A4D6D7}.AppStore|iPhone.ActiveCfg = Release|Any CPU
		{DBBDD860-8B1F-4FC1-8815-A98219A4D6D7}.AppStore|iPhone.Build.0 = Release|Any CPU
		{DBBDD860-8B1F-4FC1-8815-A98219A4D6D7}.AppStore|iPhoneSimulator.ActiveCfg = Release|Any CPU
		{DBBDD860-8B1F-4FC1-8815-A98219A4D6D7}.AppStore|iPhoneSimulator.Build.0 = Release|Any CPU
		{DBBDD860-8B1F-4FC1-8815-A98219A4D6D7}.AppStore|x64.ActiveCfg = Release|Any CPU
		{DBBDD860-8B1F-4FC1-8815-A98219A4D6D7}.AppStore|x64.Build.0 = Release|Any CPU
		{DBBDD860-8B1F-4FC1-8815-A98219A4D6D7}.AppStore|x86.ActiveCfg = Release|Any CPU
		{DBBDD860-8B1F-4FC1-8815-A98219A4D6D7}.AppStore|x86.Build.0 = Release|Any CPU
		{DBBDD860-8B1F-4FC1-8815-A98219A4D6D7}.Debug|Any CPU.ActiveCfg = Debug|Any CPU
		{DBBDD860-8B1F-4FC1-8815-A98219A4D6D7}.Debug|Any CPU.Build.0 = Debug|Any CPU
		{DBBDD860-8B1F-4FC1-8815-A98219A4D6D7}.Debug|ARM.ActiveCfg = Debug|Any CPU
		{DBBDD860-8B1F-4FC1-8815-A98219A4D6D7}.Debug|ARM.Build.0 = Debug|Any CPU
		{DBBDD860-8B1F-4FC1-8815-A98219A4D6D7}.Debug|ARM64.ActiveCfg = Debug|Any CPU
		{DBBDD860-8B1F-4FC1-8815-A98219A4D6D7}.Debug|ARM64.Build.0 = Debug|Any CPU
		{DBBDD860-8B1F-4FC1-8815-A98219A4D6D7}.Debug|iPhone.ActiveCfg = Debug|Any CPU
		{DBBDD860-8B1F-4FC1-8815-A98219A4D6D7}.Debug|iPhone.Build.0 = Debug|Any CPU
		{DBBDD860-8B1F-4FC1-8815-A98219A4D6D7}.Debug|iPhoneSimulator.ActiveCfg = Debug|Any CPU
		{DBBDD860-8B1F-4FC1-8815-A98219A4D6D7}.Debug|iPhoneSimulator.Build.0 = Debug|Any CPU
		{DBBDD860-8B1F-4FC1-8815-A98219A4D6D7}.Debug|x64.ActiveCfg = Debug|Any CPU
		{DBBDD860-8B1F-4FC1-8815-A98219A4D6D7}.Debug|x64.Build.0 = Debug|Any CPU
		{DBBDD860-8B1F-4FC1-8815-A98219A4D6D7}.Debug|x86.ActiveCfg = Debug|Any CPU
		{DBBDD860-8B1F-4FC1-8815-A98219A4D6D7}.Debug|x86.Build.0 = Debug|Any CPU
		{DBBDD860-8B1F-4FC1-8815-A98219A4D6D7}.Release|Any CPU.ActiveCfg = Release|Any CPU
		{DBBDD860-8B1F-4FC1-8815-A98219A4D6D7}.Release|Any CPU.Build.0 = Release|Any CPU
		{DBBDD860-8B1F-4FC1-8815-A98219A4D6D7}.Release|ARM.ActiveCfg = Release|Any CPU
		{DBBDD860-8B1F-4FC1-8815-A98219A4D6D7}.Release|ARM.Build.0 = Release|Any CPU
		{DBBDD860-8B1F-4FC1-8815-A98219A4D6D7}.Release|ARM64.ActiveCfg = Release|Any CPU
		{DBBDD860-8B1F-4FC1-8815-A98219A4D6D7}.Release|ARM64.Build.0 = Release|Any CPU
		{DBBDD860-8B1F-4FC1-8815-A98219A4D6D7}.Release|iPhone.ActiveCfg = Release|Any CPU
		{DBBDD860-8B1F-4FC1-8815-A98219A4D6D7}.Release|iPhone.Build.0 = Release|Any CPU
		{DBBDD860-8B1F-4FC1-8815-A98219A4D6D7}.Release|iPhoneSimulator.ActiveCfg = Release|Any CPU
		{DBBDD860-8B1F-4FC1-8815-A98219A4D6D7}.Release|iPhoneSimulator.Build.0 = Release|Any CPU
		{DBBDD860-8B1F-4FC1-8815-A98219A4D6D7}.Release|x64.ActiveCfg = Release|Any CPU
		{DBBDD860-8B1F-4FC1-8815-A98219A4D6D7}.Release|x64.Build.0 = Release|Any CPU
		{DBBDD860-8B1F-4FC1-8815-A98219A4D6D7}.Release|x86.ActiveCfg = Release|Any CPU
		{DBBDD860-8B1F-4FC1-8815-A98219A4D6D7}.Release|x86.Build.0 = Release|Any CPU
		{349E4177-CCC5-45E4-98FE-AD8B7C450B50}.Ad-Hoc|Any CPU.ActiveCfg = Release|Any CPU
		{349E4177-CCC5-45E4-98FE-AD8B7C450B50}.Ad-Hoc|Any CPU.Build.0 = Release|Any CPU
		{349E4177-CCC5-45E4-98FE-AD8B7C450B50}.Ad-Hoc|ARM.ActiveCfg = Release|Any CPU
		{349E4177-CCC5-45E4-98FE-AD8B7C450B50}.Ad-Hoc|ARM.Build.0 = Release|Any CPU
		{349E4177-CCC5-45E4-98FE-AD8B7C450B50}.Ad-Hoc|ARM64.ActiveCfg = Release|Any CPU
		{349E4177-CCC5-45E4-98FE-AD8B7C450B50}.Ad-Hoc|ARM64.Build.0 = Release|Any CPU
		{349E4177-CCC5-45E4-98FE-AD8B7C450B50}.Ad-Hoc|iPhone.ActiveCfg = Release|Any CPU
		{349E4177-CCC5-45E4-98FE-AD8B7C450B50}.Ad-Hoc|iPhone.Build.0 = Release|Any CPU
		{349E4177-CCC5-45E4-98FE-AD8B7C450B50}.Ad-Hoc|iPhoneSimulator.ActiveCfg = Release|Any CPU
		{349E4177-CCC5-45E4-98FE-AD8B7C450B50}.Ad-Hoc|iPhoneSimulator.Build.0 = Release|Any CPU
		{349E4177-CCC5-45E4-98FE-AD8B7C450B50}.Ad-Hoc|x64.ActiveCfg = Release|Any CPU
		{349E4177-CCC5-45E4-98FE-AD8B7C450B50}.Ad-Hoc|x64.Build.0 = Release|Any CPU
		{349E4177-CCC5-45E4-98FE-AD8B7C450B50}.Ad-Hoc|x86.ActiveCfg = Release|Any CPU
		{349E4177-CCC5-45E4-98FE-AD8B7C450B50}.Ad-Hoc|x86.Build.0 = Release|Any CPU
		{349E4177-CCC5-45E4-98FE-AD8B7C450B50}.AppStore|Any CPU.ActiveCfg = Release|Any CPU
		{349E4177-CCC5-45E4-98FE-AD8B7C450B50}.AppStore|Any CPU.Build.0 = Release|Any CPU
		{349E4177-CCC5-45E4-98FE-AD8B7C450B50}.AppStore|ARM.ActiveCfg = Release|Any CPU
		{349E4177-CCC5-45E4-98FE-AD8B7C450B50}.AppStore|ARM.Build.0 = Release|Any CPU
		{349E4177-CCC5-45E4-98FE-AD8B7C450B50}.AppStore|ARM64.ActiveCfg = Release|Any CPU
		{349E4177-CCC5-45E4-98FE-AD8B7C450B50}.AppStore|ARM64.Build.0 = Release|Any CPU
		{349E4177-CCC5-45E4-98FE-AD8B7C450B50}.AppStore|iPhone.ActiveCfg = Release|Any CPU
		{349E4177-CCC5-45E4-98FE-AD8B7C450B50}.AppStore|iPhone.Build.0 = Release|Any CPU
		{349E4177-CCC5-45E4-98FE-AD8B7C450B50}.AppStore|iPhoneSimulator.ActiveCfg = Release|Any CPU
		{349E4177-CCC5-45E4-98FE-AD8B7C450B50}.AppStore|iPhoneSimulator.Build.0 = Release|Any CPU
		{349E4177-CCC5-45E4-98FE-AD8B7C450B50}.AppStore|x64.ActiveCfg = Release|Any CPU
		{349E4177-CCC5-45E4-98FE-AD8B7C450B50}.AppStore|x64.Build.0 = Release|Any CPU
		{349E4177-CCC5-45E4-98FE-AD8B7C450B50}.AppStore|x86.ActiveCfg = Release|Any CPU
		{349E4177-CCC5-45E4-98FE-AD8B7C450B50}.AppStore|x86.Build.0 = Release|Any CPU
		{349E4177-CCC5-45E4-98FE-AD8B7C450B50}.Debug|Any CPU.ActiveCfg = Debug|Any CPU
		{349E4177-CCC5-45E4-98FE-AD8B7C450B50}.Debug|Any CPU.Build.0 = Debug|Any CPU
		{349E4177-CCC5-45E4-98FE-AD8B7C450B50}.Debug|ARM.ActiveCfg = Debug|Any CPU
		{349E4177-CCC5-45E4-98FE-AD8B7C450B50}.Debug|ARM.Build.0 = Debug|Any CPU
		{349E4177-CCC5-45E4-98FE-AD8B7C450B50}.Debug|ARM64.ActiveCfg = Debug|Any CPU
		{349E4177-CCC5-45E4-98FE-AD8B7C450B50}.Debug|ARM64.Build.0 = Debug|Any CPU
		{349E4177-CCC5-45E4-98FE-AD8B7C450B50}.Debug|iPhone.ActiveCfg = Debug|Any CPU
		{349E4177-CCC5-45E4-98FE-AD8B7C450B50}.Debug|iPhone.Build.0 = Debug|Any CPU
		{349E4177-CCC5-45E4-98FE-AD8B7C450B50}.Debug|iPhoneSimulator.ActiveCfg = Debug|Any CPU
		{349E4177-CCC5-45E4-98FE-AD8B7C450B50}.Debug|iPhoneSimulator.Build.0 = Debug|Any CPU
		{349E4177-CCC5-45E4-98FE-AD8B7C450B50}.Debug|x64.ActiveCfg = Debug|Any CPU
		{349E4177-CCC5-45E4-98FE-AD8B7C450B50}.Debug|x64.Build.0 = Debug|Any CPU
		{349E4177-CCC5-45E4-98FE-AD8B7C450B50}.Debug|x86.ActiveCfg = Debug|Any CPU
		{349E4177-CCC5-45E4-98FE-AD8B7C450B50}.Debug|x86.Build.0 = Debug|Any CPU
		{349E4177-CCC5-45E4-98FE-AD8B7C450B50}.Release|Any CPU.ActiveCfg = Release|Any CPU
		{349E4177-CCC5-45E4-98FE-AD8B7C450B50}.Release|Any CPU.Build.0 = Release|Any CPU
		{349E4177-CCC5-45E4-98FE-AD8B7C450B50}.Release|ARM.ActiveCfg = Release|Any CPU
		{349E4177-CCC5-45E4-98FE-AD8B7C450B50}.Release|ARM.Build.0 = Release|Any CPU
		{349E4177-CCC5-45E4-98FE-AD8B7C450B50}.Release|ARM64.ActiveCfg = Release|Any CPU
		{349E4177-CCC5-45E4-98FE-AD8B7C450B50}.Release|ARM64.Build.0 = Release|Any CPU
		{349E4177-CCC5-45E4-98FE-AD8B7C450B50}.Release|iPhone.ActiveCfg = Release|Any CPU
		{349E4177-CCC5-45E4-98FE-AD8B7C450B50}.Release|iPhone.Build.0 = Release|Any CPU
		{349E4177-CCC5-45E4-98FE-AD8B7C450B50}.Release|iPhoneSimulator.ActiveCfg = Release|Any CPU
		{349E4177-CCC5-45E4-98FE-AD8B7C450B50}.Release|iPhoneSimulator.Build.0 = Release|Any CPU
		{349E4177-CCC5-45E4-98FE-AD8B7C450B50}.Release|x64.ActiveCfg = Release|Any CPU
		{349E4177-CCC5-45E4-98FE-AD8B7C450B50}.Release|x64.Build.0 = Release|Any CPU
		{349E4177-CCC5-45E4-98FE-AD8B7C450B50}.Release|x86.ActiveCfg = Release|Any CPU
		{349E4177-CCC5-45E4-98FE-AD8B7C450B50}.Release|x86.Build.0 = Release|Any CPU
		{9262F7D9-17DE-41E7-BA73-8CE2F747CBAC}.Ad-Hoc|Any CPU.ActiveCfg = Release|x86
		{9262F7D9-17DE-41E7-BA73-8CE2F747CBAC}.Ad-Hoc|Any CPU.Build.0 = Release|x86
		{9262F7D9-17DE-41E7-BA73-8CE2F747CBAC}.Ad-Hoc|Any CPU.Deploy.0 = Release|x86
		{9262F7D9-17DE-41E7-BA73-8CE2F747CBAC}.Ad-Hoc|ARM.ActiveCfg = Release|ARM
		{9262F7D9-17DE-41E7-BA73-8CE2F747CBAC}.Ad-Hoc|ARM.Build.0 = Release|ARM
		{9262F7D9-17DE-41E7-BA73-8CE2F747CBAC}.Ad-Hoc|ARM.Deploy.0 = Release|ARM
		{9262F7D9-17DE-41E7-BA73-8CE2F747CBAC}.Ad-Hoc|ARM64.ActiveCfg = Release|x86
		{9262F7D9-17DE-41E7-BA73-8CE2F747CBAC}.Ad-Hoc|ARM64.Build.0 = Release|x86
		{9262F7D9-17DE-41E7-BA73-8CE2F747CBAC}.Ad-Hoc|ARM64.Deploy.0 = Release|x86
		{9262F7D9-17DE-41E7-BA73-8CE2F747CBAC}.Ad-Hoc|iPhone.ActiveCfg = Release|x86
		{9262F7D9-17DE-41E7-BA73-8CE2F747CBAC}.Ad-Hoc|iPhone.Build.0 = Release|x86
		{9262F7D9-17DE-41E7-BA73-8CE2F747CBAC}.Ad-Hoc|iPhone.Deploy.0 = Release|x86
		{9262F7D9-17DE-41E7-BA73-8CE2F747CBAC}.Ad-Hoc|iPhoneSimulator.ActiveCfg = Release|x86
		{9262F7D9-17DE-41E7-BA73-8CE2F747CBAC}.Ad-Hoc|iPhoneSimulator.Build.0 = Release|x86
		{9262F7D9-17DE-41E7-BA73-8CE2F747CBAC}.Ad-Hoc|iPhoneSimulator.Deploy.0 = Release|x86
		{9262F7D9-17DE-41E7-BA73-8CE2F747CBAC}.Ad-Hoc|x64.ActiveCfg = Release|x64
		{9262F7D9-17DE-41E7-BA73-8CE2F747CBAC}.Ad-Hoc|x64.Build.0 = Release|x64
		{9262F7D9-17DE-41E7-BA73-8CE2F747CBAC}.Ad-Hoc|x64.Deploy.0 = Release|x64
		{9262F7D9-17DE-41E7-BA73-8CE2F747CBAC}.Ad-Hoc|x86.ActiveCfg = Release|x86
		{9262F7D9-17DE-41E7-BA73-8CE2F747CBAC}.Ad-Hoc|x86.Build.0 = Release|x86
		{9262F7D9-17DE-41E7-BA73-8CE2F747CBAC}.Ad-Hoc|x86.Deploy.0 = Release|x86
		{9262F7D9-17DE-41E7-BA73-8CE2F747CBAC}.AppStore|Any CPU.ActiveCfg = Release|x86
		{9262F7D9-17DE-41E7-BA73-8CE2F747CBAC}.AppStore|Any CPU.Build.0 = Release|x86
		{9262F7D9-17DE-41E7-BA73-8CE2F747CBAC}.AppStore|Any CPU.Deploy.0 = Release|x86
		{9262F7D9-17DE-41E7-BA73-8CE2F747CBAC}.AppStore|ARM.ActiveCfg = Release|ARM
		{9262F7D9-17DE-41E7-BA73-8CE2F747CBAC}.AppStore|ARM.Build.0 = Release|ARM
		{9262F7D9-17DE-41E7-BA73-8CE2F747CBAC}.AppStore|ARM.Deploy.0 = Release|ARM
		{9262F7D9-17DE-41E7-BA73-8CE2F747CBAC}.AppStore|ARM64.ActiveCfg = Release|x86
		{9262F7D9-17DE-41E7-BA73-8CE2F747CBAC}.AppStore|ARM64.Build.0 = Release|x86
		{9262F7D9-17DE-41E7-BA73-8CE2F747CBAC}.AppStore|ARM64.Deploy.0 = Release|x86
		{9262F7D9-17DE-41E7-BA73-8CE2F747CBAC}.AppStore|iPhone.ActiveCfg = Release|x86
		{9262F7D9-17DE-41E7-BA73-8CE2F747CBAC}.AppStore|iPhone.Build.0 = Release|x86
		{9262F7D9-17DE-41E7-BA73-8CE2F747CBAC}.AppStore|iPhone.Deploy.0 = Release|x86
		{9262F7D9-17DE-41E7-BA73-8CE2F747CBAC}.AppStore|iPhoneSimulator.ActiveCfg = Release|x86
		{9262F7D9-17DE-41E7-BA73-8CE2F747CBAC}.AppStore|iPhoneSimulator.Build.0 = Release|x86
		{9262F7D9-17DE-41E7-BA73-8CE2F747CBAC}.AppStore|iPhoneSimulator.Deploy.0 = Release|x86
		{9262F7D9-17DE-41E7-BA73-8CE2F747CBAC}.AppStore|x64.ActiveCfg = Release|x64
		{9262F7D9-17DE-41E7-BA73-8CE2F747CBAC}.AppStore|x64.Build.0 = Release|x64
		{9262F7D9-17DE-41E7-BA73-8CE2F747CBAC}.AppStore|x64.Deploy.0 = Release|x64
		{9262F7D9-17DE-41E7-BA73-8CE2F747CBAC}.AppStore|x86.ActiveCfg = Release|x86
		{9262F7D9-17DE-41E7-BA73-8CE2F747CBAC}.AppStore|x86.Build.0 = Release|x86
		{9262F7D9-17DE-41E7-BA73-8CE2F747CBAC}.AppStore|x86.Deploy.0 = Release|x86
		{9262F7D9-17DE-41E7-BA73-8CE2F747CBAC}.Debug|Any CPU.ActiveCfg = Debug|x86
		{9262F7D9-17DE-41E7-BA73-8CE2F747CBAC}.Debug|ARM.ActiveCfg = Debug|ARM
		{9262F7D9-17DE-41E7-BA73-8CE2F747CBAC}.Debug|ARM.Build.0 = Debug|ARM
		{9262F7D9-17DE-41E7-BA73-8CE2F747CBAC}.Debug|ARM.Deploy.0 = Debug|ARM
		{9262F7D9-17DE-41E7-BA73-8CE2F747CBAC}.Debug|ARM64.ActiveCfg = Debug|x86
		{9262F7D9-17DE-41E7-BA73-8CE2F747CBAC}.Debug|iPhone.ActiveCfg = Debug|x86
		{9262F7D9-17DE-41E7-BA73-8CE2F747CBAC}.Debug|iPhoneSimulator.ActiveCfg = Debug|x86
		{9262F7D9-17DE-41E7-BA73-8CE2F747CBAC}.Debug|x64.ActiveCfg = Debug|x64
		{9262F7D9-17DE-41E7-BA73-8CE2F747CBAC}.Debug|x64.Build.0 = Debug|x64
		{9262F7D9-17DE-41E7-BA73-8CE2F747CBAC}.Debug|x64.Deploy.0 = Debug|x64
		{9262F7D9-17DE-41E7-BA73-8CE2F747CBAC}.Debug|x86.ActiveCfg = Debug|x86
		{9262F7D9-17DE-41E7-BA73-8CE2F747CBAC}.Debug|x86.Build.0 = Debug|x86
		{9262F7D9-17DE-41E7-BA73-8CE2F747CBAC}.Debug|x86.Deploy.0 = Debug|x86
		{9262F7D9-17DE-41E7-BA73-8CE2F747CBAC}.Release|Any CPU.ActiveCfg = Release|x86
		{9262F7D9-17DE-41E7-BA73-8CE2F747CBAC}.Release|ARM.ActiveCfg = Release|ARM
		{9262F7D9-17DE-41E7-BA73-8CE2F747CBAC}.Release|ARM.Build.0 = Release|ARM
		{9262F7D9-17DE-41E7-BA73-8CE2F747CBAC}.Release|ARM.Deploy.0 = Release|ARM
		{9262F7D9-17DE-41E7-BA73-8CE2F747CBAC}.Release|ARM64.ActiveCfg = Release|x86
		{9262F7D9-17DE-41E7-BA73-8CE2F747CBAC}.Release|iPhone.ActiveCfg = Release|x86
		{9262F7D9-17DE-41E7-BA73-8CE2F747CBAC}.Release|iPhoneSimulator.ActiveCfg = Release|x86
		{9262F7D9-17DE-41E7-BA73-8CE2F747CBAC}.Release|x64.ActiveCfg = Release|x64
		{9262F7D9-17DE-41E7-BA73-8CE2F747CBAC}.Release|x64.Build.0 = Release|x64
		{9262F7D9-17DE-41E7-BA73-8CE2F747CBAC}.Release|x64.Deploy.0 = Release|x64
		{9262F7D9-17DE-41E7-BA73-8CE2F747CBAC}.Release|x86.ActiveCfg = Release|x86
		{9262F7D9-17DE-41E7-BA73-8CE2F747CBAC}.Release|x86.Build.0 = Release|x86
		{9262F7D9-17DE-41E7-BA73-8CE2F747CBAC}.Release|x86.Deploy.0 = Release|x86
		{E847517A-7834-4F7D-A4AA-325A86E7D30B}.Ad-Hoc|Any CPU.ActiveCfg = Release|Any CPU
		{E847517A-7834-4F7D-A4AA-325A86E7D30B}.Ad-Hoc|Any CPU.Build.0 = Release|Any CPU
		{E847517A-7834-4F7D-A4AA-325A86E7D30B}.Ad-Hoc|Any CPU.Deploy.0 = Release|Any CPU
		{E847517A-7834-4F7D-A4AA-325A86E7D30B}.Ad-Hoc|ARM.ActiveCfg = Release|Any CPU
		{E847517A-7834-4F7D-A4AA-325A86E7D30B}.Ad-Hoc|ARM.Build.0 = Release|Any CPU
		{E847517A-7834-4F7D-A4AA-325A86E7D30B}.Ad-Hoc|ARM.Deploy.0 = Release|Any CPU
		{E847517A-7834-4F7D-A4AA-325A86E7D30B}.Ad-Hoc|ARM64.ActiveCfg = Release|Any CPU
		{E847517A-7834-4F7D-A4AA-325A86E7D30B}.Ad-Hoc|ARM64.Build.0 = Release|Any CPU
		{E847517A-7834-4F7D-A4AA-325A86E7D30B}.Ad-Hoc|ARM64.Deploy.0 = Release|Any CPU
		{E847517A-7834-4F7D-A4AA-325A86E7D30B}.Ad-Hoc|iPhone.ActiveCfg = Release|Any CPU
		{E847517A-7834-4F7D-A4AA-325A86E7D30B}.Ad-Hoc|iPhone.Build.0 = Release|Any CPU
		{E847517A-7834-4F7D-A4AA-325A86E7D30B}.Ad-Hoc|iPhone.Deploy.0 = Release|Any CPU
		{E847517A-7834-4F7D-A4AA-325A86E7D30B}.Ad-Hoc|iPhoneSimulator.ActiveCfg = Release|Any CPU
		{E847517A-7834-4F7D-A4AA-325A86E7D30B}.Ad-Hoc|iPhoneSimulator.Build.0 = Release|Any CPU
		{E847517A-7834-4F7D-A4AA-325A86E7D30B}.Ad-Hoc|iPhoneSimulator.Deploy.0 = Release|Any CPU
		{E847517A-7834-4F7D-A4AA-325A86E7D30B}.Ad-Hoc|x64.ActiveCfg = Release|Any CPU
		{E847517A-7834-4F7D-A4AA-325A86E7D30B}.Ad-Hoc|x64.Build.0 = Release|Any CPU
		{E847517A-7834-4F7D-A4AA-325A86E7D30B}.Ad-Hoc|x64.Deploy.0 = Release|Any CPU
		{E847517A-7834-4F7D-A4AA-325A86E7D30B}.Ad-Hoc|x86.ActiveCfg = Release|Any CPU
		{E847517A-7834-4F7D-A4AA-325A86E7D30B}.Ad-Hoc|x86.Build.0 = Release|Any CPU
		{E847517A-7834-4F7D-A4AA-325A86E7D30B}.Ad-Hoc|x86.Deploy.0 = Release|Any CPU
		{E847517A-7834-4F7D-A4AA-325A86E7D30B}.AppStore|Any CPU.ActiveCfg = Release|Any CPU
		{E847517A-7834-4F7D-A4AA-325A86E7D30B}.AppStore|Any CPU.Build.0 = Release|Any CPU
		{E847517A-7834-4F7D-A4AA-325A86E7D30B}.AppStore|Any CPU.Deploy.0 = Release|Any CPU
		{E847517A-7834-4F7D-A4AA-325A86E7D30B}.AppStore|ARM.ActiveCfg = Release|Any CPU
		{E847517A-7834-4F7D-A4AA-325A86E7D30B}.AppStore|ARM.Build.0 = Release|Any CPU
		{E847517A-7834-4F7D-A4AA-325A86E7D30B}.AppStore|ARM.Deploy.0 = Release|Any CPU
		{E847517A-7834-4F7D-A4AA-325A86E7D30B}.AppStore|ARM64.ActiveCfg = Release|Any CPU
		{E847517A-7834-4F7D-A4AA-325A86E7D30B}.AppStore|ARM64.Build.0 = Release|Any CPU
		{E847517A-7834-4F7D-A4AA-325A86E7D30B}.AppStore|ARM64.Deploy.0 = Release|Any CPU
		{E847517A-7834-4F7D-A4AA-325A86E7D30B}.AppStore|iPhone.ActiveCfg = Release|Any CPU
		{E847517A-7834-4F7D-A4AA-325A86E7D30B}.AppStore|iPhone.Build.0 = Release|Any CPU
		{E847517A-7834-4F7D-A4AA-325A86E7D30B}.AppStore|iPhone.Deploy.0 = Release|Any CPU
		{E847517A-7834-4F7D-A4AA-325A86E7D30B}.AppStore|iPhoneSimulator.ActiveCfg = Release|Any CPU
		{E847517A-7834-4F7D-A4AA-325A86E7D30B}.AppStore|iPhoneSimulator.Build.0 = Release|Any CPU
		{E847517A-7834-4F7D-A4AA-325A86E7D30B}.AppStore|iPhoneSimulator.Deploy.0 = Release|Any CPU
		{E847517A-7834-4F7D-A4AA-325A86E7D30B}.AppStore|x64.ActiveCfg = Release|Any CPU
		{E847517A-7834-4F7D-A4AA-325A86E7D30B}.AppStore|x64.Build.0 = Release|Any CPU
		{E847517A-7834-4F7D-A4AA-325A86E7D30B}.AppStore|x64.Deploy.0 = Release|Any CPU
		{E847517A-7834-4F7D-A4AA-325A86E7D30B}.AppStore|x86.ActiveCfg = Release|Any CPU
		{E847517A-7834-4F7D-A4AA-325A86E7D30B}.AppStore|x86.Build.0 = Release|Any CPU
		{E847517A-7834-4F7D-A4AA-325A86E7D30B}.AppStore|x86.Deploy.0 = Release|Any CPU
		{E847517A-7834-4F7D-A4AA-325A86E7D30B}.Debug|Any CPU.ActiveCfg = Debug|Any CPU
		{E847517A-7834-4F7D-A4AA-325A86E7D30B}.Debug|Any CPU.Build.0 = Debug|Any CPU
		{E847517A-7834-4F7D-A4AA-325A86E7D30B}.Debug|Any CPU.Deploy.0 = Debug|Any CPU
		{E847517A-7834-4F7D-A4AA-325A86E7D30B}.Debug|ARM.ActiveCfg = Debug|Any CPU
		{E847517A-7834-4F7D-A4AA-325A86E7D30B}.Debug|ARM.Build.0 = Debug|Any CPU
		{E847517A-7834-4F7D-A4AA-325A86E7D30B}.Debug|ARM.Deploy.0 = Debug|Any CPU
		{E847517A-7834-4F7D-A4AA-325A86E7D30B}.Debug|ARM64.ActiveCfg = Debug|Any CPU
		{E847517A-7834-4F7D-A4AA-325A86E7D30B}.Debug|ARM64.Build.0 = Debug|Any CPU
		{E847517A-7834-4F7D-A4AA-325A86E7D30B}.Debug|ARM64.Deploy.0 = Debug|Any CPU
		{E847517A-7834-4F7D-A4AA-325A86E7D30B}.Debug|iPhone.ActiveCfg = Debug|Any CPU
		{E847517A-7834-4F7D-A4AA-325A86E7D30B}.Debug|iPhone.Build.0 = Debug|Any CPU
		{E847517A-7834-4F7D-A4AA-325A86E7D30B}.Debug|iPhone.Deploy.0 = Debug|Any CPU
		{E847517A-7834-4F7D-A4AA-325A86E7D30B}.Debug|iPhoneSimulator.ActiveCfg = Debug|Any CPU
		{E847517A-7834-4F7D-A4AA-325A86E7D30B}.Debug|iPhoneSimulator.Build.0 = Debug|Any CPU
		{E847517A-7834-4F7D-A4AA-325A86E7D30B}.Debug|iPhoneSimulator.Deploy.0 = Debug|Any CPU
		{E847517A-7834-4F7D-A4AA-325A86E7D30B}.Debug|x64.ActiveCfg = Debug|Any CPU
		{E847517A-7834-4F7D-A4AA-325A86E7D30B}.Debug|x64.Build.0 = Debug|Any CPU
		{E847517A-7834-4F7D-A4AA-325A86E7D30B}.Debug|x64.Deploy.0 = Debug|Any CPU
		{E847517A-7834-4F7D-A4AA-325A86E7D30B}.Debug|x86.ActiveCfg = Debug|Any CPU
		{E847517A-7834-4F7D-A4AA-325A86E7D30B}.Debug|x86.Build.0 = Debug|Any CPU
		{E847517A-7834-4F7D-A4AA-325A86E7D30B}.Debug|x86.Deploy.0 = Debug|Any CPU
		{E847517A-7834-4F7D-A4AA-325A86E7D30B}.Release|Any CPU.ActiveCfg = Release|Any CPU
		{E847517A-7834-4F7D-A4AA-325A86E7D30B}.Release|Any CPU.Build.0 = Release|Any CPU
		{E847517A-7834-4F7D-A4AA-325A86E7D30B}.Release|Any CPU.Deploy.0 = Release|Any CPU
		{E847517A-7834-4F7D-A4AA-325A86E7D30B}.Release|ARM.ActiveCfg = Release|Any CPU
		{E847517A-7834-4F7D-A4AA-325A86E7D30B}.Release|ARM.Build.0 = Release|Any CPU
		{E847517A-7834-4F7D-A4AA-325A86E7D30B}.Release|ARM.Deploy.0 = Release|Any CPU
		{E847517A-7834-4F7D-A4AA-325A86E7D30B}.Release|ARM64.ActiveCfg = Release|Any CPU
		{E847517A-7834-4F7D-A4AA-325A86E7D30B}.Release|ARM64.Build.0 = Release|Any CPU
		{E847517A-7834-4F7D-A4AA-325A86E7D30B}.Release|ARM64.Deploy.0 = Release|Any CPU
		{E847517A-7834-4F7D-A4AA-325A86E7D30B}.Release|iPhone.ActiveCfg = Release|Any CPU
		{E847517A-7834-4F7D-A4AA-325A86E7D30B}.Release|iPhone.Build.0 = Release|Any CPU
		{E847517A-7834-4F7D-A4AA-325A86E7D30B}.Release|iPhone.Deploy.0 = Release|Any CPU
		{E847517A-7834-4F7D-A4AA-325A86E7D30B}.Release|iPhoneSimulator.ActiveCfg = Release|Any CPU
		{E847517A-7834-4F7D-A4AA-325A86E7D30B}.Release|iPhoneSimulator.Build.0 = Release|Any CPU
		{E847517A-7834-4F7D-A4AA-325A86E7D30B}.Release|iPhoneSimulator.Deploy.0 = Release|Any CPU
		{E847517A-7834-4F7D-A4AA-325A86E7D30B}.Release|x64.ActiveCfg = Release|Any CPU
		{E847517A-7834-4F7D-A4AA-325A86E7D30B}.Release|x64.Build.0 = Release|Any CPU
		{E847517A-7834-4F7D-A4AA-325A86E7D30B}.Release|x64.Deploy.0 = Release|Any CPU
		{E847517A-7834-4F7D-A4AA-325A86E7D30B}.Release|x86.ActiveCfg = Release|Any CPU
		{E847517A-7834-4F7D-A4AA-325A86E7D30B}.Release|x86.Build.0 = Release|Any CPU
		{E847517A-7834-4F7D-A4AA-325A86E7D30B}.Release|x86.Deploy.0 = Release|Any CPU
		{9458B0EB-24ED-4B39-B145-CD1CA2FDD0DA}.Ad-Hoc|Any CPU.ActiveCfg = Release|iPhone
		{9458B0EB-24ED-4B39-B145-CD1CA2FDD0DA}.Ad-Hoc|Any CPU.Build.0 = Release|iPhone
		{9458B0EB-24ED-4B39-B145-CD1CA2FDD0DA}.Ad-Hoc|ARM.ActiveCfg = Release|iPhone
		{9458B0EB-24ED-4B39-B145-CD1CA2FDD0DA}.Ad-Hoc|ARM.Build.0 = Release|iPhone
		{9458B0EB-24ED-4B39-B145-CD1CA2FDD0DA}.Ad-Hoc|ARM64.ActiveCfg = Release|iPhone
		{9458B0EB-24ED-4B39-B145-CD1CA2FDD0DA}.Ad-Hoc|ARM64.Build.0 = Release|iPhone
		{9458B0EB-24ED-4B39-B145-CD1CA2FDD0DA}.Ad-Hoc|iPhone.ActiveCfg = Release|iPhone
		{9458B0EB-24ED-4B39-B145-CD1CA2FDD0DA}.Ad-Hoc|iPhone.Build.0 = Release|iPhone
		{9458B0EB-24ED-4B39-B145-CD1CA2FDD0DA}.Ad-Hoc|iPhoneSimulator.ActiveCfg = Release|iPhoneSimulator
		{9458B0EB-24ED-4B39-B145-CD1CA2FDD0DA}.Ad-Hoc|iPhoneSimulator.Build.0 = Release|iPhoneSimulator
		{9458B0EB-24ED-4B39-B145-CD1CA2FDD0DA}.Ad-Hoc|x64.ActiveCfg = Release|iPhone
		{9458B0EB-24ED-4B39-B145-CD1CA2FDD0DA}.Ad-Hoc|x64.Build.0 = Release|iPhone
		{9458B0EB-24ED-4B39-B145-CD1CA2FDD0DA}.Ad-Hoc|x86.ActiveCfg = Release|iPhone
		{9458B0EB-24ED-4B39-B145-CD1CA2FDD0DA}.Ad-Hoc|x86.Build.0 = Release|iPhone
		{9458B0EB-24ED-4B39-B145-CD1CA2FDD0DA}.AppStore|Any CPU.ActiveCfg = Release|iPhone
		{9458B0EB-24ED-4B39-B145-CD1CA2FDD0DA}.AppStore|Any CPU.Build.0 = Release|iPhone
		{9458B0EB-24ED-4B39-B145-CD1CA2FDD0DA}.AppStore|ARM.ActiveCfg = Release|iPhone
		{9458B0EB-24ED-4B39-B145-CD1CA2FDD0DA}.AppStore|ARM.Build.0 = Release|iPhone
		{9458B0EB-24ED-4B39-B145-CD1CA2FDD0DA}.AppStore|ARM64.ActiveCfg = Release|iPhone
		{9458B0EB-24ED-4B39-B145-CD1CA2FDD0DA}.AppStore|ARM64.Build.0 = Release|iPhone
		{9458B0EB-24ED-4B39-B145-CD1CA2FDD0DA}.AppStore|iPhone.ActiveCfg = Release|iPhone
		{9458B0EB-24ED-4B39-B145-CD1CA2FDD0DA}.AppStore|iPhone.Build.0 = Release|iPhone
		{9458B0EB-24ED-4B39-B145-CD1CA2FDD0DA}.AppStore|iPhoneSimulator.ActiveCfg = Release|iPhoneSimulator
		{9458B0EB-24ED-4B39-B145-CD1CA2FDD0DA}.AppStore|iPhoneSimulator.Build.0 = Release|iPhoneSimulator
		{9458B0EB-24ED-4B39-B145-CD1CA2FDD0DA}.AppStore|x64.ActiveCfg = Release|iPhone
		{9458B0EB-24ED-4B39-B145-CD1CA2FDD0DA}.AppStore|x64.Build.0 = Release|iPhone
		{9458B0EB-24ED-4B39-B145-CD1CA2FDD0DA}.AppStore|x86.ActiveCfg = Release|iPhone
		{9458B0EB-24ED-4B39-B145-CD1CA2FDD0DA}.AppStore|x86.Build.0 = Release|iPhone
		{9458B0EB-24ED-4B39-B145-CD1CA2FDD0DA}.Debug|Any CPU.ActiveCfg = Debug|iPhone
		{9458B0EB-24ED-4B39-B145-CD1CA2FDD0DA}.Debug|ARM.ActiveCfg = Debug|iPhone
		{9458B0EB-24ED-4B39-B145-CD1CA2FDD0DA}.Debug|ARM64.ActiveCfg = Debug|iPhone
		{9458B0EB-24ED-4B39-B145-CD1CA2FDD0DA}.Debug|iPhone.ActiveCfg = Debug|iPhone
		{9458B0EB-24ED-4B39-B145-CD1CA2FDD0DA}.Debug|iPhone.Build.0 = Debug|iPhone
		{9458B0EB-24ED-4B39-B145-CD1CA2FDD0DA}.Debug|iPhoneSimulator.ActiveCfg = Debug|iPhoneSimulator
		{9458B0EB-24ED-4B39-B145-CD1CA2FDD0DA}.Debug|iPhoneSimulator.Build.0 = Debug|iPhoneSimulator
		{9458B0EB-24ED-4B39-B145-CD1CA2FDD0DA}.Debug|x64.ActiveCfg = Debug|iPhone
		{9458B0EB-24ED-4B39-B145-CD1CA2FDD0DA}.Debug|x86.ActiveCfg = Debug|iPhone
		{9458B0EB-24ED-4B39-B145-CD1CA2FDD0DA}.Release|Any CPU.ActiveCfg = Release|iPhone
		{9458B0EB-24ED-4B39-B145-CD1CA2FDD0DA}.Release|ARM.ActiveCfg = Release|iPhone
		{9458B0EB-24ED-4B39-B145-CD1CA2FDD0DA}.Release|ARM64.ActiveCfg = Release|iPhone
		{9458B0EB-24ED-4B39-B145-CD1CA2FDD0DA}.Release|iPhone.ActiveCfg = Release|iPhone
		{9458B0EB-24ED-4B39-B145-CD1CA2FDD0DA}.Release|iPhone.Build.0 = Release|iPhone
		{9458B0EB-24ED-4B39-B145-CD1CA2FDD0DA}.Release|iPhoneSimulator.ActiveCfg = Release|iPhoneSimulator
		{9458B0EB-24ED-4B39-B145-CD1CA2FDD0DA}.Release|iPhoneSimulator.Build.0 = Release|iPhoneSimulator
		{9458B0EB-24ED-4B39-B145-CD1CA2FDD0DA}.Release|x64.ActiveCfg = Release|iPhone
		{9458B0EB-24ED-4B39-B145-CD1CA2FDD0DA}.Release|x86.ActiveCfg = Release|iPhone
		{0601726F-23B9-4491-8B8D-0ACA9A7FF030}.Ad-Hoc|Any CPU.ActiveCfg = Debug|Any CPU
		{0601726F-23B9-4491-8B8D-0ACA9A7FF030}.Ad-Hoc|Any CPU.Build.0 = Debug|Any CPU
		{0601726F-23B9-4491-8B8D-0ACA9A7FF030}.Ad-Hoc|ARM.ActiveCfg = Debug|Any CPU
		{0601726F-23B9-4491-8B8D-0ACA9A7FF030}.Ad-Hoc|ARM.Build.0 = Debug|Any CPU
		{0601726F-23B9-4491-8B8D-0ACA9A7FF030}.Ad-Hoc|ARM64.ActiveCfg = Debug|Any CPU
		{0601726F-23B9-4491-8B8D-0ACA9A7FF030}.Ad-Hoc|ARM64.Build.0 = Debug|Any CPU
		{0601726F-23B9-4491-8B8D-0ACA9A7FF030}.Ad-Hoc|iPhone.ActiveCfg = Debug|Any CPU
		{0601726F-23B9-4491-8B8D-0ACA9A7FF030}.Ad-Hoc|iPhone.Build.0 = Debug|Any CPU
		{0601726F-23B9-4491-8B8D-0ACA9A7FF030}.Ad-Hoc|iPhoneSimulator.ActiveCfg = Debug|Any CPU
		{0601726F-23B9-4491-8B8D-0ACA9A7FF030}.Ad-Hoc|iPhoneSimulator.Build.0 = Debug|Any CPU
		{0601726F-23B9-4491-8B8D-0ACA9A7FF030}.Ad-Hoc|x64.ActiveCfg = Debug|Any CPU
		{0601726F-23B9-4491-8B8D-0ACA9A7FF030}.Ad-Hoc|x64.Build.0 = Debug|Any CPU
		{0601726F-23B9-4491-8B8D-0ACA9A7FF030}.Ad-Hoc|x86.ActiveCfg = Debug|Any CPU
		{0601726F-23B9-4491-8B8D-0ACA9A7FF030}.Ad-Hoc|x86.Build.0 = Debug|Any CPU
		{0601726F-23B9-4491-8B8D-0ACA9A7FF030}.AppStore|Any CPU.ActiveCfg = Debug|Any CPU
		{0601726F-23B9-4491-8B8D-0ACA9A7FF030}.AppStore|Any CPU.Build.0 = Debug|Any CPU
		{0601726F-23B9-4491-8B8D-0ACA9A7FF030}.AppStore|ARM.ActiveCfg = Debug|Any CPU
		{0601726F-23B9-4491-8B8D-0ACA9A7FF030}.AppStore|ARM.Build.0 = Debug|Any CPU
		{0601726F-23B9-4491-8B8D-0ACA9A7FF030}.AppStore|ARM64.ActiveCfg = Debug|Any CPU
		{0601726F-23B9-4491-8B8D-0ACA9A7FF030}.AppStore|ARM64.Build.0 = Debug|Any CPU
		{0601726F-23B9-4491-8B8D-0ACA9A7FF030}.AppStore|iPhone.ActiveCfg = Debug|Any CPU
		{0601726F-23B9-4491-8B8D-0ACA9A7FF030}.AppStore|iPhone.Build.0 = Debug|Any CPU
		{0601726F-23B9-4491-8B8D-0ACA9A7FF030}.AppStore|iPhoneSimulator.ActiveCfg = Debug|Any CPU
		{0601726F-23B9-4491-8B8D-0ACA9A7FF030}.AppStore|iPhoneSimulator.Build.0 = Debug|Any CPU
		{0601726F-23B9-4491-8B8D-0ACA9A7FF030}.AppStore|x64.ActiveCfg = Debug|Any CPU
		{0601726F-23B9-4491-8B8D-0ACA9A7FF030}.AppStore|x64.Build.0 = Debug|Any CPU
		{0601726F-23B9-4491-8B8D-0ACA9A7FF030}.AppStore|x86.ActiveCfg = Debug|Any CPU
		{0601726F-23B9-4491-8B8D-0ACA9A7FF030}.AppStore|x86.Build.0 = Debug|Any CPU
		{0601726F-23B9-4491-8B8D-0ACA9A7FF030}.Debug|Any CPU.ActiveCfg = Debug|Any CPU
		{0601726F-23B9-4491-8B8D-0ACA9A7FF030}.Debug|Any CPU.Build.0 = Debug|Any CPU
		{0601726F-23B9-4491-8B8D-0ACA9A7FF030}.Debug|ARM.ActiveCfg = Debug|Any CPU
		{0601726F-23B9-4491-8B8D-0ACA9A7FF030}.Debug|ARM.Build.0 = Debug|Any CPU
		{0601726F-23B9-4491-8B8D-0ACA9A7FF030}.Debug|ARM64.ActiveCfg = Debug|Any CPU
		{0601726F-23B9-4491-8B8D-0ACA9A7FF030}.Debug|ARM64.Build.0 = Debug|Any CPU
		{0601726F-23B9-4491-8B8D-0ACA9A7FF030}.Debug|iPhone.ActiveCfg = Debug|Any CPU
		{0601726F-23B9-4491-8B8D-0ACA9A7FF030}.Debug|iPhone.Build.0 = Debug|Any CPU
		{0601726F-23B9-4491-8B8D-0ACA9A7FF030}.Debug|iPhoneSimulator.ActiveCfg = Debug|Any CPU
		{0601726F-23B9-4491-8B8D-0ACA9A7FF030}.Debug|iPhoneSimulator.Build.0 = Debug|Any CPU
		{0601726F-23B9-4491-8B8D-0ACA9A7FF030}.Debug|x64.ActiveCfg = Debug|Any CPU
		{0601726F-23B9-4491-8B8D-0ACA9A7FF030}.Debug|x64.Build.0 = Debug|Any CPU
		{0601726F-23B9-4491-8B8D-0ACA9A7FF030}.Debug|x86.ActiveCfg = Debug|Any CPU
		{0601726F-23B9-4491-8B8D-0ACA9A7FF030}.Debug|x86.Build.0 = Debug|Any CPU
		{0601726F-23B9-4491-8B8D-0ACA9A7FF030}.Release|Any CPU.ActiveCfg = Release|Any CPU
		{0601726F-23B9-4491-8B8D-0ACA9A7FF030}.Release|Any CPU.Build.0 = Release|Any CPU
		{0601726F-23B9-4491-8B8D-0ACA9A7FF030}.Release|ARM.ActiveCfg = Release|Any CPU
		{0601726F-23B9-4491-8B8D-0ACA9A7FF030}.Release|ARM.Build.0 = Release|Any CPU
		{0601726F-23B9-4491-8B8D-0ACA9A7FF030}.Release|ARM64.ActiveCfg = Release|Any CPU
		{0601726F-23B9-4491-8B8D-0ACA9A7FF030}.Release|ARM64.Build.0 = Release|Any CPU
		{0601726F-23B9-4491-8B8D-0ACA9A7FF030}.Release|iPhone.ActiveCfg = Release|Any CPU
		{0601726F-23B9-4491-8B8D-0ACA9A7FF030}.Release|iPhone.Build.0 = Release|Any CPU
		{0601726F-23B9-4491-8B8D-0ACA9A7FF030}.Release|iPhoneSimulator.ActiveCfg = Release|Any CPU
		{0601726F-23B9-4491-8B8D-0ACA9A7FF030}.Release|iPhoneSimulator.Build.0 = Release|Any CPU
		{0601726F-23B9-4491-8B8D-0ACA9A7FF030}.Release|x64.ActiveCfg = Release|Any CPU
		{0601726F-23B9-4491-8B8D-0ACA9A7FF030}.Release|x64.Build.0 = Release|Any CPU
		{0601726F-23B9-4491-8B8D-0ACA9A7FF030}.Release|x86.ActiveCfg = Release|Any CPU
		{0601726F-23B9-4491-8B8D-0ACA9A7FF030}.Release|x86.Build.0 = Release|Any CPU
		{27A88194-F622-43E0-BA2F-B637A37070E2}.Ad-Hoc|Any CPU.ActiveCfg = Debug|Any CPU
		{27A88194-F622-43E0-BA2F-B637A37070E2}.Ad-Hoc|Any CPU.Build.0 = Debug|Any CPU
		{27A88194-F622-43E0-BA2F-B637A37070E2}.Ad-Hoc|ARM.ActiveCfg = Debug|Any CPU
		{27A88194-F622-43E0-BA2F-B637A37070E2}.Ad-Hoc|ARM.Build.0 = Debug|Any CPU
		{27A88194-F622-43E0-BA2F-B637A37070E2}.Ad-Hoc|ARM64.ActiveCfg = Debug|Any CPU
		{27A88194-F622-43E0-BA2F-B637A37070E2}.Ad-Hoc|ARM64.Build.0 = Debug|Any CPU
		{27A88194-F622-43E0-BA2F-B637A37070E2}.Ad-Hoc|iPhone.ActiveCfg = Debug|Any CPU
		{27A88194-F622-43E0-BA2F-B637A37070E2}.Ad-Hoc|iPhone.Build.0 = Debug|Any CPU
		{27A88194-F622-43E0-BA2F-B637A37070E2}.Ad-Hoc|iPhoneSimulator.ActiveCfg = Debug|Any CPU
		{27A88194-F622-43E0-BA2F-B637A37070E2}.Ad-Hoc|iPhoneSimulator.Build.0 = Debug|Any CPU
		{27A88194-F622-43E0-BA2F-B637A37070E2}.Ad-Hoc|x64.ActiveCfg = Debug|Any CPU
		{27A88194-F622-43E0-BA2F-B637A37070E2}.Ad-Hoc|x64.Build.0 = Debug|Any CPU
		{27A88194-F622-43E0-BA2F-B637A37070E2}.Ad-Hoc|x86.ActiveCfg = Debug|Any CPU
		{27A88194-F622-43E0-BA2F-B637A37070E2}.Ad-Hoc|x86.Build.0 = Debug|Any CPU
		{27A88194-F622-43E0-BA2F-B637A37070E2}.AppStore|Any CPU.ActiveCfg = Debug|Any CPU
		{27A88194-F622-43E0-BA2F-B637A37070E2}.AppStore|Any CPU.Build.0 = Debug|Any CPU
		{27A88194-F622-43E0-BA2F-B637A37070E2}.AppStore|ARM.ActiveCfg = Debug|Any CPU
		{27A88194-F622-43E0-BA2F-B637A37070E2}.AppStore|ARM.Build.0 = Debug|Any CPU
		{27A88194-F622-43E0-BA2F-B637A37070E2}.AppStore|ARM64.ActiveCfg = Debug|Any CPU
		{27A88194-F622-43E0-BA2F-B637A37070E2}.AppStore|ARM64.Build.0 = Debug|Any CPU
		{27A88194-F622-43E0-BA2F-B637A37070E2}.AppStore|iPhone.ActiveCfg = Debug|Any CPU
		{27A88194-F622-43E0-BA2F-B637A37070E2}.AppStore|iPhone.Build.0 = Debug|Any CPU
		{27A88194-F622-43E0-BA2F-B637A37070E2}.AppStore|iPhoneSimulator.ActiveCfg = Debug|Any CPU
		{27A88194-F622-43E0-BA2F-B637A37070E2}.AppStore|iPhoneSimulator.Build.0 = Debug|Any CPU
		{27A88194-F622-43E0-BA2F-B637A37070E2}.AppStore|x64.ActiveCfg = Debug|Any CPU
		{27A88194-F622-43E0-BA2F-B637A37070E2}.AppStore|x64.Build.0 = Debug|Any CPU
		{27A88194-F622-43E0-BA2F-B637A37070E2}.AppStore|x86.ActiveCfg = Debug|Any CPU
		{27A88194-F622-43E0-BA2F-B637A37070E2}.AppStore|x86.Build.0 = Debug|Any CPU
		{27A88194-F622-43E0-BA2F-B637A37070E2}.Debug|Any CPU.ActiveCfg = Debug|Any CPU
		{27A88194-F622-43E0-BA2F-B637A37070E2}.Debug|Any CPU.Build.0 = Debug|Any CPU
		{27A88194-F622-43E0-BA2F-B637A37070E2}.Debug|ARM.ActiveCfg = Debug|Any CPU
		{27A88194-F622-43E0-BA2F-B637A37070E2}.Debug|ARM.Build.0 = Debug|Any CPU
		{27A88194-F622-43E0-BA2F-B637A37070E2}.Debug|ARM64.ActiveCfg = Debug|Any CPU
		{27A88194-F622-43E0-BA2F-B637A37070E2}.Debug|ARM64.Build.0 = Debug|Any CPU
		{27A88194-F622-43E0-BA2F-B637A37070E2}.Debug|iPhone.ActiveCfg = Debug|Any CPU
		{27A88194-F622-43E0-BA2F-B637A37070E2}.Debug|iPhone.Build.0 = Debug|Any CPU
		{27A88194-F622-43E0-BA2F-B637A37070E2}.Debug|iPhoneSimulator.ActiveCfg = Debug|Any CPU
		{27A88194-F622-43E0-BA2F-B637A37070E2}.Debug|iPhoneSimulator.Build.0 = Debug|Any CPU
		{27A88194-F622-43E0-BA2F-B637A37070E2}.Debug|x64.ActiveCfg = Debug|Any CPU
		{27A88194-F622-43E0-BA2F-B637A37070E2}.Debug|x64.Build.0 = Debug|Any CPU
		{27A88194-F622-43E0-BA2F-B637A37070E2}.Debug|x86.ActiveCfg = Debug|Any CPU
		{27A88194-F622-43E0-BA2F-B637A37070E2}.Debug|x86.Build.0 = Debug|Any CPU
		{27A88194-F622-43E0-BA2F-B637A37070E2}.Release|Any CPU.ActiveCfg = Release|Any CPU
		{27A88194-F622-43E0-BA2F-B637A37070E2}.Release|Any CPU.Build.0 = Release|Any CPU
		{27A88194-F622-43E0-BA2F-B637A37070E2}.Release|ARM.ActiveCfg = Release|Any CPU
		{27A88194-F622-43E0-BA2F-B637A37070E2}.Release|ARM.Build.0 = Release|Any CPU
		{27A88194-F622-43E0-BA2F-B637A37070E2}.Release|ARM64.ActiveCfg = Release|Any CPU
		{27A88194-F622-43E0-BA2F-B637A37070E2}.Release|ARM64.Build.0 = Release|Any CPU
		{27A88194-F622-43E0-BA2F-B637A37070E2}.Release|iPhone.ActiveCfg = Release|Any CPU
		{27A88194-F622-43E0-BA2F-B637A37070E2}.Release|iPhone.Build.0 = Release|Any CPU
		{27A88194-F622-43E0-BA2F-B637A37070E2}.Release|iPhoneSimulator.ActiveCfg = Release|Any CPU
		{27A88194-F622-43E0-BA2F-B637A37070E2}.Release|iPhoneSimulator.Build.0 = Release|Any CPU
		{27A88194-F622-43E0-BA2F-B637A37070E2}.Release|x64.ActiveCfg = Release|Any CPU
		{27A88194-F622-43E0-BA2F-B637A37070E2}.Release|x64.Build.0 = Release|Any CPU
		{27A88194-F622-43E0-BA2F-B637A37070E2}.Release|x86.ActiveCfg = Release|Any CPU
		{27A88194-F622-43E0-BA2F-B637A37070E2}.Release|x86.Build.0 = Release|Any CPU
	EndGlobalSection
	GlobalSection(SolutionProperties) = preSolution
		HideSolutionNode = FALSE
	EndGlobalSection
	GlobalSection(ExtensibilityGlobals) = postSolution
		SolutionGuid = {281C5694-18CD-4A7E-A0A5-B79ECF2EF98C}
	EndGlobalSection
EndGlobal
